uuid: 7d40878d-72b0-4733-8084-fa7f4ddb8cdc
langcode: en
status: true
dependencies: {  }
_core:
  default_config_hash: j_gyr_c3o1zKZyCBSORNNGlu68oKSyJ80oMybp7nHok
id: clean_blog_header_image_block
label: 'Clean Blog Header Image Block'
revision: 0
description: 'This block will provide the settings to configure the Header Banner images for the pages. '
